<?xml version="1.0" encoding="utf-8"?>
<Project ToolsVersion="4.0" xmlns="http://schemas.microsoft.com/developer/msbuild/2003">
  <ItemGroup>
    <ClCompile Include="DXManager.cpp">
      <Filter>Source Files</Filter>
    </ClCompile>
    <ClCompile Include="RayTracingKernel.cpp">
      <Filter>Source Files</Filter>
    </ClCompile>
    <ClCompile Include="Timer.cpp">
      <Filter>Source Files</Filter>
    </ClCompile>
    <ClCompile Include="SceneManager.cpp">
      <Filter>Source Files</Filter>
    </ClCompile>
    <ClCompile Include="main.cpp">
      <Filter>Source Files</Filter>
    </ClCompile>
  </ItemGroup>
  <ItemGroup>
    <ClInclude Include="DXManager.h">
      <Filter>Header FIles</Filter>
    </ClInclude>
    <ClInclude Include="RayTracingKernel.h">
      <Filter>Header FIles</Filter>
    </ClInclude>
    <ClInclude Include="vec3.h">
      <Filter>Header FIles\RT</Filter>
    </ClInclude>
    <ClInclude Include="Scene.h">
      <Filter>Header FIles\RT</Filter>
    </ClInclude>
    <ClInclude Include="Screen.h">
      <Filter>Header FIles\RT</Filter>
    </ClInclude>
    <ClInclude Include="Sphere.h">
      <Filter>Header FIles\RT</Filter>
    </ClInclude>
    <ClInclude Include="Ray.h">
      <Filter>Header FIles\RT</Filter>
    </ClInclude>
    <ClInclude Include="Camera.h">
      <Filter>Header FIles\RT</Filter>
    </ClInclude>
    <ClInclude Include="Plane.h">
      <Filter>Header FIles\RT</Filter>
    </ClInclude>
    <ClInclude Include="Object.h">
      <Filter>Header FIles\RT</Filter>
    </ClInclude>
    <ClInclude Include="CudaCallableMember.h">
      <Filter>Header FIles\RT</Filter>
    </ClInclude>
    <ClInclude Include="Light.h">
      <Filter>Header FIles\RT</Filter>
    </ClInclude>
    <ClInclude Include="Timer.h">
      <Filter>Header FIles</Filter>
    </ClInclude>
    <ClInclude Include="SceneManager.h">
      <Filter>Header FIles</Filter>
    </ClInclude>
  </ItemGroup>
  <ItemGroup>
    <Filter Include="Source Files">
      <UniqueIdentifier>{656d2c38-c4ea-4210-bdfb-32025ef6c311}</UniqueIdentifier>
    </Filter>
    <Filter Include="Cuda">
      <UniqueIdentifier>{e3b5948d-0941-4e83-b68a-f4dce8ab31c6}</UniqueIdentifier>
    </Filter>
    <Filter Include="Header FIles">
      <UniqueIdentifier>{c361476d-840b-4e0e-bb95-ba3ba54772f0}</UniqueIdentifier>
    </Filter>
    <Filter Include="Header FIles\RT">
      <UniqueIdentifier>{043fcd15-ab08-4313-a409-0a0670d24e76}</UniqueIdentifier>
    </Filter>
  </ItemGroup>
  <ItemGroup>
    <CudaCompile Include="texture_2d.cu">
      <Filter>Cuda</Filter>
    </CudaCompile>
  </ItemGroup>
</Project>